
Microsoft Visual Studio Solution File, Format Version 12.00
# Visual Studio Version 16
VisualStudioVersion = 16.0.30011.22
MinimumVisualStudioVersion = 10.0.40219.1
Project("{2150E333-8FDC-42A3-9474-1A3956D46DE8}") = "Microservices", "Microservices", "{F6B45088-7D0E-49B1-83A6-9DFE50D79440}"
EndProject
Project("{2150E333-8FDC-42A3-9474-1A3956D46DE8}") = "Domain", "Domain", "{2A1070EA-A22D-4176-890A-5A9C4FC74D76}"
EndProject
Project("{2150E333-8FDC-42A3-9474-1A3956D46DE8}") = "Infra.Bus", "Infra.Bus", "{2336C94A-4464-416B-93A7-051B0F64D1B8}"
EndProject
Project("{2150E333-8FDC-42A3-9474-1A3956D46DE8}") = "Infra.IoC", "Infra.IoC", "{9893B0BE-9A66-42F9-A302-BB423CB4EFA4}"
EndProject
Project("{2150E333-8FDC-42A3-9474-1A3956D46DE8}") = "Presentation", "Presentation", "{A0C59B85-1F72-4401-9ADF-D3BC8505E5D2}"
EndProject
Project("{FAE04EC0-301F-11D3-BF4B-00C04F79EFBC}") = "MicroRabbit.Domain.Core", "MicroRabbit.Domain.Core\MicroRabbit.Domain.Core.csproj", "{E49C9414-5107-40C6-83D5-ED141DAD72CD}"
EndProject
Global
	GlobalSection(SolutionConfigurationPlatforms) = preSolution
		Debug|Any CPU = Debug|Any CPU
		Release|Any CPU = Release|Any CPU
	EndGlobalSection
	GlobalSection(ProjectConfigurationPlatforms) = postSolution
		{E49C9414-5107-40C6-83D5-ED141DAD72CD}.Debug|Any CPU.ActiveCfg = Debug|Any CPU
		{E49C9414-5107-40C6-83D5-ED141DAD72CD}.Debug|Any CPU.Build.0 = Debug|Any CPU
		{E49C9414-5107-40C6-83D5-ED141DAD72CD}.Release|Any CPU.ActiveCfg = Release|Any CPU
		{E49C9414-5107-40C6-83D5-ED141DAD72CD}.Release|Any CPU.Build.0 = Release|Any CPU
	EndGlobalSection
	GlobalSection(SolutionProperties) = preSolution
		HideSolutionNode = FALSE
	EndGlobalSection
	GlobalSection(NestedProjects) = preSolution
		{E49C9414-5107-40C6-83D5-ED141DAD72CD} = {2A1070EA-A22D-4176-890A-5A9C4FC74D76}
	EndGlobalSection
	GlobalSection(ExtensibilityGlobals) = postSolution
		SolutionGuid = {558DEE84-53F9-429E-8BEA-8227AEA7C469}
	EndGlobalSection
EndGlobal
